
Microsoft Visual Studio Solution File, Format Version 12.00
# Visual Studio Version 17
VisualStudioVersion = 17.5.33530.505
MinimumVisualStudioVersion = 10.0.40219.1
Project("{888888A0-9F3D-457C-B088-3A5042F75D52}") = "Python-API-Postgres", "Python-API-Postgres.pyproj", "{584759E4-8345-4013-89B8-FDB14B24F5FD}"
EndProject
Global
	GlobalSection(SolutionConfigurationPlatforms) = preSolution
		Debug|Any CPU = Debug|Any CPU
		Release|Any CPU = Release|Any CPU
	EndGlobalSection
	GlobalSection(ProjectConfigurationPlatforms) = postSolution
		{584759E4-8345-4013-89B8-FDB14B24F5FD}.Debug|Any CPU.ActiveCfg = Debug|Any CPU
		{584759E4-8345-4013-89B8-FDB14B24F5FD}.Release|Any CPU.ActiveCfg = Release|Any CPU
	EndGlobalSection
	GlobalSection(SolutionProperties) = preSolution
		HideSolutionNode = FALSE
	EndGlobalSection
	GlobalSection(ExtensibilityGlobals) = postSolution
		SolutionGuid = {6E2BFD3B-6900-4510-BD07-632205E87B97}
	EndGlobalSection
EndGlobal
